
Microsoft Visual Studio Solution File, Format Version 12.00
# Visual Studio Version 16
VisualStudioVersion = 16.0.33529.622
MinimumVisualStudioVersion = 10.0.40219.1
Project("{8BC9CEB8-8B4A-11D0-8D11-00A0C91BC942}") = "ConsoleApplication1", "ConsoleApplication1\ConsoleApplication1.vcxproj", "{5280DCF5-0E9D-44F6-B26A-2C8DE43FC216}"
EndProject
Global
	GlobalSection(SolutionConfigurationPlatforms) = preSolution
		Debug|x64 = Debug|x64
		Debug|x86 = Debug|x86
		Release|x64 = Release|x64
		Release|x86 = Release|x86
	EndGlobalSection
	GlobalSection(ProjectConfigurationPlatforms) = postSolution
		{5280DCF5-0E9D-44F6-B26A-2C8DE43FC216}.Debug|x64.ActiveCfg = Debug|x64
		{5280DCF5-0E9D-44F6-B26A-2C8DE43FC216}.Debug|x64.Build.0 = Debug|x64
		{5280DCF5-0E9D-44F6-B26A-2C8DE43FC216}.Debug|x86.ActiveCfg = Debug|Win32
		{5280DCF5-0E9D-44F6-B26A-2C8DE43FC216}.Debug|x86.Build.0 = Debug|Win32
		{5280DCF5-0E9D-44F6-B26A-2C8DE43FC216}.Release|x64.ActiveCfg = Release|x64
		{5280DCF5-0E9D-44F6-B26A-2C8DE43FC216}.Release|x64.Build.0 = Release|x64
		{5280DCF5-0E9D-44F6-B26A-2C8DE43FC216}.Release|x86.ActiveCfg = Release|Win32
		{5280DCF5-0E9D-44F6-B26A-2C8DE43FC216}.Release|x86.Build.0 = Release|Win32
	EndGlobalSection
	GlobalSection(SolutionProperties) = preSolution
		HideSolutionNode = FALSE
	EndGlobalSection
	GlobalSection(ExtensibilityGlobals) = postSolution
		SolutionGuid = {D03A6986-8632-462D-B0F0-1AF2D87C2AC9}
	EndGlobalSection
EndGlobal
